
Microsoft Visual Studio Solution File, Format Version 11.00
# Visual Studio 2010
Project("{FAE04EC0-301F-11D3-BF4B-00C04F79EFBC}") = "Forest Warrior", "Assembly-CSharp.csproj", "{97F2FA41-C057-AE21-C6DA-87F87FDC4F59}"
EndProject
Global
	GlobalSection(SolutionConfigurationPlatforms) = preSolution
		Debug|Any CPU = Debug|Any CPU
		Release|Any CPU = Release|Any CPU
	EndGlobalSection
	GlobalSection(ProjectConfigurationPlatforms) = postSolution
		{97F2FA41-C057-AE21-C6DA-87F87FDC4F59}.Debug|Any CPU.ActiveCfg = Debug|Any CPU
		{97F2FA41-C057-AE21-C6DA-87F87FDC4F59}.Debug|Any CPU.Build.0 = Debug|Any CPU
		{97F2FA41-C057-AE21-C6DA-87F87FDC4F59}.Release|Any CPU.ActiveCfg = Release|Any CPU
		{97F2FA41-C057-AE21-C6DA-87F87FDC4F59}.Release|Any CPU.Build.0 = Release|Any CPU
	EndGlobalSection
	GlobalSection(SolutionProperties) = preSolution
		HideSolutionNode = FALSE
	EndGlobalSection
	GlobalSection(MonoDevelopProperties) = preSolution
		StartupItem = Assembly-CSharp.csproj
	EndGlobalSection
EndGlobal
